<?xml version="1.0" encoding="utf-8"?>
<Project ToolsVersion="4.0" xmlns="http://schemas.microsoft.com/developer/msbuild/2003">
  <ItemGroup>
    <ClCompile Include="core\Game.cpp">
      <Filter>core</Filter>
    </ClCompile>
    <ClCompile Include="core\Config.cpp">
      <Filter>core</Filter>
    </ClCompile>
    <ClCompile Include="core\main.cpp">
      <Filter>core</Filter>
    </ClCompile>
    <ClCompile Include="core\Map.cpp">
      <Filter>core</Filter>
    </ClCompile>
    <ClCompile Include="menu\Menu.cpp">
      <Filter>menu</Filter>
    </ClCompile>
    <ClCompile Include="selector\selector.cpp">
      <Filter>selector</Filter>
    </ClCompile>
    <ClCompile Include="levels\level3\mundo3.cpp">
      <Filter>levels\level3</Filter>
    </ClCompile>
    <ClCompile Include="levels\level3\mundo3_e1.cpp">
      <Filter>levels\level3</Filter>
    </ClCompile>
    <ClCompile Include="levels\level3\mundo3_e2.cpp">
      <Filter>levels\level3</Filter>
    </ClCompile>
    <ClCompile Include="enemigo\enemigo.cpp">
      <Filter>enemigo</Filter>
    </ClCompile>
    <ClCompile Include="levels\level3\mundo_3_tile_control.cpp">
      <Filter>levels\level3</Filter>
    </ClCompile>
    <ClCompile Include="Entidad\IA.cpp">
      <Filter>Entidad</Filter>
    </ClCompile>
    <ClCompile Include="Entidad\Jefe.cpp">
      <Filter>Entidad</Filter>
    </ClCompile>
    <ClCompile Include="Entidad\Jugador.cpp">
      <Filter>Entidad</Filter>
    </ClCompile>
    <ClCompile Include="utils\Ataque.cpp">
      <Filter>utils</Filter>
    </ClCompile>
    <ClCompile Include="utils\BarraVida.cpp">
      <Filter>utils</Filter>
    </ClCompile>
    <ClCompile Include="utils\Inventario.cpp">
      <Filter>utils</Filter>
    </ClCompile>
    <ClCompile Include="utils\Pocion.cpp">
      <Filter>utils</Filter>
    </ClCompile>
    <ClCompile Include="utils\Arma.cpp">
      <Filter>utils</Filter>
    </ClCompile>
  </ItemGroup>
  <ItemGroup>
    <ClInclude Include="core\GameState.h">
      <Filter>core</Filter>
    </ClInclude>
    <ClInclude Include="core\Config.h">
      <Filter>core</Filter>
    </ClInclude>
    <ClInclude Include="core\Game.h">
      <Filter>core</Filter>
    </ClInclude>
    <ClInclude Include="core\Map.h">
      <Filter>core</Filter>
    </ClInclude>
    <ClInclude Include="menu\Menu.h">
      <Filter>menu</Filter>
    </ClInclude>
    <ClInclude Include="selector\Selector.h">
      <Filter>selector</Filter>
    </ClInclude>
    <ClInclude Include="levels\level3\mundo3.h">
      <Filter>levels\level3</Filter>
    </ClInclude>
    <ClInclude Include="levels\level3\mundo3_e1.h">
      <Filter>levels\level3</Filter>
    </ClInclude>
    <ClInclude Include="levels\level3\mundo3_e2.h">
      <Filter>levels\level3</Filter>
    </ClInclude>
    <ClInclude Include="enemigo\enemigo.h">
      <Filter>enemigo</Filter>
    </ClInclude>
    <ClInclude Include="levels\level3\mundo3_tile_control.h">
      <Filter>levels\level3</Filter>
    </ClInclude>
    <ClInclude Include="Entidad\Entidad.h">
      <Filter>Entidad</Filter>
    </ClInclude>
    <ClInclude Include="Entidad\IA.h">
      <Filter>Entidad</Filter>
    </ClInclude>
    <ClInclude Include="Entidad\Jefe.h">
      <Filter>Entidad</Filter>
    </ClInclude>
    <ClInclude Include="Entidad\Jugador.h">
      <Filter>Entidad</Filter>
    </ClInclude>
    <ClInclude Include="utils\Ataque.h">
      <Filter>utils</Filter>
    </ClInclude>
    <ClInclude Include="utils\BarraVida.h">
      <Filter>utils</Filter>
    </ClInclude>
    <ClInclude Include="utils\Inventario.h">
      <Filter>utils</Filter>
    </ClInclude>
    <ClInclude Include="utils\Pocion.h">
      <Filter>utils</Filter>
    </ClInclude>
    <ClInclude Include="utils\Arma.h">
      <Filter>utils</Filter>
    </ClInclude>
    <ClInclude Include="utils\Item.h">
      <Filter>utils</Filter>
    </ClInclude>
  </ItemGroup>
  <ItemGroup>
    <Text Include="assets\ia_sprite1.txt">
      <Filter>assets</Filter>
    </Text>
    <Text Include="assets\input_handler.txt">
      <Filter>assets</Filter>
    </Text>
    <Text Include="assets\ia_sprite2.txt">
      <Filter>assets</Filter>
    </Text>
    <Text Include="assets\input_selector.txt">
      <Filter>assets</Filter>
    </Text>
    <Text Include="assets\menu.txt">
      <Filter>assets</Filter>
    </Text>
    <Text Include="assets\personaje_sprite1.txt">
      <Filter>assets</Filter>
    </Text>
    <Text Include="assets\personaje_sprite2.txt">
      <Filter>assets</Filter>
    </Text>
    <Text Include="assets\personaje_sprite3.txt">
      <Filter>assets</Filter>
    </Text>
    <Text Include="assets\selector.txt">
      <Filter>assets</Filter>
    </Text>
    <Text Include="assets\mundo3_e1.txt">
      <Filter>assets</Filter>
    </Text>
    <Text Include="assets\mundo3_e2.txt">
      <Filter>assets</Filter>
    </Text>
    <Text Include="assets\mundo3_dialogo1.txt">
      <Filter>assets</Filter>
    </Text>
    <Text Include="assets\mundo3_dialogo2.txt">
      <Filter>assets</Filter>
    </Text>
    <Text Include="assets\mundo3_dialogo3.txt">
      <Filter>assets</Filter>
    </Text>
    <Text Include="assets\mundo3_dialogo4.txt">
      <Filter>assets</Filter>
    </Text>
    <Text Include="assets\mundo3_dialogo5.txt">
      <Filter>assets</Filter>
    </Text>
    <Text Include="assets\mundo3_dialogo6.txt">
      <Filter>assets</Filter>
    </Text>
    <Text Include="assets\mundo3_dialogo7.txt">
      <Filter>assets</Filter>
    </Text>
    <Text Include="assets\enemigo.txt">
      <Filter>assets</Filter>
    </Text>
    <Text Include="assets\mundo3_e2_dialogo1.txt">
      <Filter>assets</Filter>
    </Text>
    <Text Include="assets\mundo3_e2_dialogo2.txt">
      <Filter>assets</Filter>
    </Text>
    <Text Include="assets\panel_control.txt">
      <Filter>assets</Filter>
    </Text>
  </ItemGroup>
  <ItemGroup>
    <Filter Include="core">
      <UniqueIdentifier>{09afd096-842e-4624-a0b7-954608ac262b}</UniqueIdentifier>
    </Filter>
    <Filter Include="assets">
      <UniqueIdentifier>{766c34eb-651b-4db0-a6b9-e8f92839f82d}</UniqueIdentifier>
    </Filter>
    <Filter Include="menu">
      <UniqueIdentifier>{82a3c73e-0e10-4f38-9ac5-19d5c1430e9e}</UniqueIdentifier>
    </Filter>
    <Filter Include="levels">
      <UniqueIdentifier>{18c12d33-c2df-4529-a1a0-786e2733b3ed}</UniqueIdentifier>
    </Filter>
    <Filter Include="levels\level3">
      <UniqueIdentifier>{4412dd71-8658-4350-85ea-531855c5fdf5}</UniqueIdentifier>
    </Filter>
    <Filter Include="selector">
      <UniqueIdentifier>{4cac3c7f-649f-4650-8438-d865f2d2d128}</UniqueIdentifier>
    </Filter>
    <Filter Include="enemigo">
      <UniqueIdentifier>{37d2bea3-af1f-4969-a6bc-ef2a0332e8e2}</UniqueIdentifier>
    </Filter>
    <Filter Include="Entidad">
      <UniqueIdentifier>{8acd0557-3809-4615-88fe-66de32493078}</UniqueIdentifier>
    </Filter>
    <Filter Include="utils">
      <UniqueIdentifier>{e91f4409-8921-45a8-8088-4ab015213fc1}</UniqueIdentifier>
    </Filter>
  </ItemGroup>
</Project>