<?xml version="1.0" encoding="utf-8"?>
<Project ToolsVersion="4.0" xmlns="http://schemas.microsoft.com/developer/msbuild/2003">
  <ItemGroup>
    <Filter Include="Archivos de recursos">
      <UniqueIdentifier>{67DA6AB6-F800-4c08-8B7A-83BB121AAD01}</UniqueIdentifier>
      <Extensions>rc;ico;cur;bmp;dlg;rc2;rct;bin;rgs;gif;jpg;jpeg;jpe;resx;tiff;tif;png;wav;mfcribbon-ms</Extensions>
    </Filter>
    <Filter Include="core">
      <UniqueIdentifier>{a6219e1a-35d9-407d-b936-a025215212ca}</UniqueIdentifier>
    </Filter>
    <Filter Include="input">
      <UniqueIdentifier>{0e45f0b9-e4fe-43aa-a981-eb59c6a60e8d}</UniqueIdentifier>
    </Filter>
    <Filter Include="menu">
      <UniqueIdentifier>{05266977-4183-4aaa-8b6c-391ede6f04b6}</UniqueIdentifier>
    </Filter>
    <Filter Include="levels">
      <UniqueIdentifier>{5cbacdce-8674-426c-850a-c22f799c2e7b}</UniqueIdentifier>
    </Filter>
    <Filter Include="assets">
      <UniqueIdentifier>{b75d6571-a3f7-4eef-bc02-2a0eb8c294f7}</UniqueIdentifier>
    </Filter>
  </ItemGroup>
  <ItemGroup>
    <ClCompile Include="Game.cpp">
      <Filter>core</Filter>
    </ClCompile>
    <ClCompile Include="InputHandler.cpp">
      <Filter>input</Filter>
    </ClCompile>
    <ClCompile Include="Menu.cpp">
      <Filter>menu</Filter>
    </ClCompile>
    <ClCompile Include="main.cpp">
      <Filter>core</Filter>
    </ClCompile>
    <ClCompile Include="Map.cpp">
      <Filter>core</Filter>
    </ClCompile>
    <ClCompile Include="Config.cpp">
      <Filter>core</Filter>
    </ClCompile>
  </ItemGroup>
  <ItemGroup>
    <ClInclude Include="Game.h">
      <Filter>core</Filter>
    </ClInclude>
    <ClInclude Include="InputHandler.h">
      <Filter>input</Filter>
    </ClInclude>
    <ClInclude Include="Menu.h">
      <Filter>menu</Filter>
    </ClInclude>
    <ClInclude Include="Config.h">
      <Filter>core</Filter>
    </ClInclude>
    <ClInclude Include="Map.h">
      <Filter>core</Filter>
    </ClInclude>
  </ItemGroup>
  <ItemGroup>
    <Text Include="menu.txt">
      <Filter>assets</Filter>
    </Text>
    <Text Include="fondo_menu.txt">
      <Filter>assets</Filter>
    </Text>
  </ItemGroup>
</Project>